
Microsoft Visual Studio Solution File, Format Version 12.00
# Visual Studio Version 17
VisualStudioVersion = 17.2.32630.192
MinimumVisualStudioVersion = 10.0.40219.1
Project("{FAE04EC0-301F-11D3-BF4B-00C04F79EFBC}") = "LeetCSharp", "LeetCSharp\LeetCSharp.csproj", "{B4A10C50-6F22-41A9-A2B8-AEB24FC06AB0}"
EndProject
Global
	GlobalSection(SolutionConfigurationPlatforms) = preSolution
		Debug|Any CPU = Debug|Any CPU
		Release|Any CPU = Release|Any CPU
	EndGlobalSection
	GlobalSection(ProjectConfigurationPlatforms) = postSolution
		{B4A10C50-6F22-41A9-A2B8-AEB24FC06AB0}.Debug|Any CPU.ActiveCfg = Debug|Any CPU
		{B4A10C50-6F22-41A9-A2B8-AEB24FC06AB0}.Debug|Any CPU.Build.0 = Debug|Any CPU
		{B4A10C50-6F22-41A9-A2B8-AEB24FC06AB0}.Release|Any CPU.ActiveCfg = Release|Any CPU
		{B4A10C50-6F22-41A9-A2B8-AEB24FC06AB0}.Release|Any CPU.Build.0 = Release|Any CPU
	EndGlobalSection
	GlobalSection(SolutionProperties) = preSolution
		HideSolutionNode = FALSE
	EndGlobalSection
	GlobalSection(ExtensibilityGlobals) = postSolution
		SolutionGuid = {2C4ABB64-6359-4033-8D05-9EF11645824A}
	EndGlobalSection
EndGlobal
